
Microsoft Visual Studio Solution File, Format Version 12.00
# Visual Studio 15
VisualStudioVersion = 15.0.28307.1800
MinimumVisualStudioVersion = 10.0.40219.1
Project("{FAE04EC0-301F-11D3-BF4B-00C04F79EFBC}") = "Registracijos pozymiai", "Registracijos pozymiai\Registracijos pozymiai.csproj", "{FDDC3603-D92E-47B3-894A-83FA162320DC}"
EndProject
Global
	GlobalSection(SolutionConfigurationPlatforms) = preSolution
		Debug|Any CPU = Debug|Any CPU
		Release|Any CPU = Release|Any CPU
	EndGlobalSection
	GlobalSection(ProjectConfigurationPlatforms) = postSolution
		{FDDC3603-D92E-47B3-894A-83FA162320DC}.Debug|Any CPU.ActiveCfg = Debug|Any CPU
		{FDDC3603-D92E-47B3-894A-83FA162320DC}.Debug|Any CPU.Build.0 = Debug|Any CPU
		{FDDC3603-D92E-47B3-894A-83FA162320DC}.Release|Any CPU.ActiveCfg = Release|Any CPU
		{FDDC3603-D92E-47B3-894A-83FA162320DC}.Release|Any CPU.Build.0 = Release|Any CPU
	EndGlobalSection
	GlobalSection(SolutionProperties) = preSolution
		HideSolutionNode = FALSE
	EndGlobalSection
	GlobalSection(ExtensibilityGlobals) = postSolution
		SolutionGuid = {19F8DA34-0977-4999-A96E-BF103ED5D79A}
	EndGlobalSection
EndGlobal
